{
  "name": "testing",
  "version": "1.0.0",
  "lockfileVersion": 2,
  "requires": true,
  "packages": {
    "": {
      "name": "testing",
      "version": "1.0.0",
      "license": "ISC",
      "dependencies": {
        "simple-css-in-js": "^1.0.1"
      }
    },
    "node_modules/simple-css-in-js": {
      "version": "1.0.1",
      "resolved": "https://registry.npmjs.org/simple-css-in-js/-/simple-css-in-js-1.0.1.tgz",
      "integrity": "sha512-cUyzuAIIFYyc16qKwkHiEEYAWsfF/S5ZKBbLyC8p4G1poM5322OcxMMTneEuI9hti0/lDDDmJDlX+ENQec2vZw=="
    }
  },
  "dependencies": {
    "simple-css-in-js": {
      "version": "1.0.1",
      "resolved": "https://registry.npmjs.org/simple-css-in-js/-/simple-css-in-js-1.0.1.tgz",
      "integrity": "sha512-cUyzuAIIFYyc16qKwkHiEEYAWsfF/S5ZKBbLyC8p4G1poM5322OcxMMTneEuI9hti0/lDDDmJDlX+ENQec2vZw=="
    }
  }
}
